
Microsoft Visual Studio Solution File, Format Version 12.00
# Visual Studio Version 17
VisualStudioVersion = 17.6.33829.357
MinimumVisualStudioVersion = 10.0.40219.1
Project("{FAE04EC0-301F-11D3-BF4B-00C04F79EFBC}") = "WpfAppSql", "WpfAppSql\WpfAppSql.csproj", "{2A9EC7F4-E51E-449A-A4BA-A38BC4F617FC}"
EndProject
Global
	GlobalSection(SolutionConfigurationPlatforms) = preSolution
		Debug|Any CPU = Debug|Any CPU
		Release|Any CPU = Release|Any CPU
	EndGlobalSection
	GlobalSection(ProjectConfigurationPlatforms) = postSolution
		{2A9EC7F4-E51E-449A-A4BA-A38BC4F617FC}.Debug|Any CPU.ActiveCfg = Debug|Any CPU
		{2A9EC7F4-E51E-449A-A4BA-A38BC4F617FC}.Debug|Any CPU.Build.0 = Debug|Any CPU
		{2A9EC7F4-E51E-449A-A4BA-A38BC4F617FC}.Release|Any CPU.ActiveCfg = Release|Any CPU
		{2A9EC7F4-E51E-449A-A4BA-A38BC4F617FC}.Release|Any CPU.Build.0 = Release|Any CPU
	EndGlobalSection
	GlobalSection(SolutionProperties) = preSolution
		HideSolutionNode = FALSE
	EndGlobalSection
	GlobalSection(ExtensibilityGlobals) = postSolution
		SolutionGuid = {1372EE68-C2D4-43EC-A024-FBC63A7FCCA2}
	EndGlobalSection
EndGlobal
